// !$*UTF8*$!
{
	archiveVersion = 1;
	classes = {
	};
	objectVersion = 46;
	objects = {

/* Begin PBXBuildFile section */
		16540918296C78DC978EBDB2 /* libPods-Oblique.a in Frameworks */ = {isa = PBXBuildFile; fileRef = 52F9F2C64BA2D46DFCAD4831 /* libPods-Oblique.a */; };
		A510BD1C1E21967C006FA9D4 /* MK_FShader_overMirror.fsh in Resources */ = {isa = PBXBuildFile; fileRef = A510BD1B1E21967C006FA9D4 /* MK_FShader_overMirror.fsh */; };
		A55B748C1E32E60700C53A04 /* MK_FShader_RGB_Separation.fsh in Resources */ = {isa = PBXBuildFile; fileRef = A55B748B1E32E60700C53A04 /* MK_FShader_RGB_Separation.fsh */; };
		A560E30D1E1D7A5900F1ED4E /* MK_GPUImageStillCamera.m in Sources */ = {isa = PBXBuildFile; fileRef = A560E30C1E1D7A5900F1ED4E /* MK_GPUImageStillCamera.m */; };
		A560E30F1E1DB0BD00F1ED4E /* MK_FShader_NoiseWarp.fsh in Resources */ = {isa = PBXBuildFile; fileRef = A560E30E1E1DB0BD00F1ED4E /* MK_FShader_NoiseWarp.fsh */; };
		A58D18B31E19B13A00EB8C49 /* MK_AdjustmentViewController.m in Sources */ = {isa = PBXBuildFile; fileRef = A58D18B21E19B13A00EB8C49 /* MK_AdjustmentViewController.m */; };
		A59D94FA1E16E98C00049C5D /* MK_FilterViewCell.m in Sources */ = {isa = PBXBuildFile; fileRef = A59D94F71E16E98C00049C5D /* MK_FilterViewCell.m */; };
		A59D94FB1E16E98C00049C5D /* MK_FilterViewController.m in Sources */ = {isa = PBXBuildFile; fileRef = A59D94F91E16E98C00049C5D /* MK_FilterViewController.m */; };
		A59D94FF1E16ED7400049C5D /* MK_GPUImageCameraManager.m in Sources */ = {isa = PBXBuildFile; fileRef = A59D94FE1E16ED7400049C5D /* MK_GPUImageCameraManager.m */; };
		A59D95041E16ED8F00049C5D /* MK_Shader.m in Sources */ = {isa = PBXBuildFile; fileRef = A59D95011E16ED8F00049C5D /* MK_Shader.m */; };
		A59D95051E16ED8F00049C5D /* MK_ShaderGroup.m in Sources */ = {isa = PBXBuildFile; fileRef = A59D95031E16ED8F00049C5D /* MK_ShaderGroup.m */; };
		A59D95091E16F68600049C5D /* MK_GPUImageCustom3Input.m in Sources */ = {isa = PBXBuildFile; fileRef = A59D95081E16F68600049C5D /* MK_GPUImageCustom3Input.m */; };
		A59D950C1E16F81400049C5D /* MK_CameraGridView.m in Sources */ = {isa = PBXBuildFile; fileRef = A59D950B1E16F81400049C5D /* MK_CameraGridView.m */; };
		A59D95101E16F8A500049C5D /* MK_PausableTimer.m in Sources */ = {isa = PBXBuildFile; fileRef = A59D950F1E16F8A500049C5D /* MK_PausableTimer.m */; };
		A59D95131E16FA5700049C5D /* Common.m in Sources */ = {isa = PBXBuildFile; fileRef = A59D95121E16FA5700049C5D /* Common.m */; };
		A59F9B061E18879B0020CC87 /* MK_DismissInfoSegue.m in Sources */ = {isa = PBXBuildFile; fileRef = A59F9B051E18879B0020CC87 /* MK_DismissInfoSegue.m */; };
		A5A598601E2EEC28009E72BE /* MK_LabelWithInsets.m in Sources */ = {isa = PBXBuildFile; fileRef = A5A5985F1E2EEC28009E72BE /* MK_LabelWithInsets.m */; };
		A5AA38501E1819080056A532 /* MK_DismissSegue.m in Sources */ = {isa = PBXBuildFile; fileRef = A5AA384F1E1819080056A532 /* MK_DismissSegue.m */; };
		A5ACC7171E17015E0014795F /* MK_FShader_Brightness.fsh in Resources */ = {isa = PBXBuildFile; fileRef = A5ACC7111E17015E0014795F /* MK_FShader_Brightness.fsh */; };
		A5ACC7181E17015E0014795F /* MK_FShader_Contrast.fsh in Resources */ = {isa = PBXBuildFile; fileRef = A5ACC7121E17015E0014795F /* MK_FShader_Contrast.fsh */; };
		A5ACC7191E17015E0014795F /* MK_FShader_Hue.fsh in Resources */ = {isa = PBXBuildFile; fileRef = A5ACC7131E17015E0014795F /* MK_FShader_Hue.fsh */; };
		A5ACC71A1E17015E0014795F /* MK_FShader_Saturation.fsh in Resources */ = {isa = PBXBuildFile; fileRef = A5ACC7141E17015E0014795F /* MK_FShader_Saturation.fsh */; };
		A5ACC71B1E17015E0014795F /* MK_FShader_Sharpness.fsh in Resources */ = {isa = PBXBuildFile; fileRef = A5ACC7151E17015E0014795F /* MK_FShader_Sharpness.fsh */; };
		A5ACC71C1E17015E0014795F /* MK_FShader_ToneMap.fsh in Resources */ = {isa = PBXBuildFile; fileRef = A5ACC7161E17015E0014795F /* MK_FShader_ToneMap.fsh */; };
		A5ACC7641E17338A0014795F /* MK_FShader_TimerTest.fsh in Resources */ = {isa = PBXBuildFile; fileRef = A5ACC74F1E17338A0014795F /* MK_FShader_TimerTest.fsh */; };
		A5ACC7841E17344A0014795F /* MK_FShader_4Scope.fsh in Resources */ = {isa = PBXBuildFile; fileRef = A5ACC7741E17344A0014795F /* MK_FShader_4Scope.fsh */; };
		A5ACC7851E17344A0014795F /* MK_FShader_4Split.fsh in Resources */ = {isa = PBXBuildFile; fileRef = A5ACC7751E17344A0014795F /* MK_FShader_4Split.fsh */; };
		A5ACC7861E17344A0014795F /* MK_FShader_AnalogTV.fsh in Resources */ = {isa = PBXBuildFile; fileRef = A5ACC7761E17344A0014795F /* MK_FShader_AnalogTV.fsh */; };
		A5ACC7871E17344A0014795F /* MK_FShader_ColorCycle.fsh in Resources */ = {isa = PBXBuildFile; fileRef = A5ACC7771E17344A0014795F /* MK_FShader_ColorCycle.fsh */; };
		A5ACC7881E17344A0014795F /* MK_FShader_Edge_Detect.fsh in Resources */ = {isa = PBXBuildFile; fileRef = A5ACC7781E17344A0014795F /* MK_FShader_Edge_Detect.fsh */; };
		A5ACC7891E17344A0014795F /* MK_FShader_GridImage.fsh in Resources */ = {isa = PBXBuildFile; fileRef = A5ACC7791E17344A0014795F /* MK_FShader_GridImage.fsh */; };
		A5ACC78A1E17344A0014795F /* MK_FShader_HorizontalMirror.fsh in Resources */ = {isa = PBXBuildFile; fileRef = A5ACC77A1E17344A0014795F /* MK_FShader_HorizontalMirror.fsh */; };
		A5ACC78B1E17344A0014795F /* MK_FShader_HorizontalStripes.fsh in Resources */ = {isa = PBXBuildFile; fileRef = A5ACC77B1E17344A0014795F /* MK_FShader_HorizontalStripes.fsh */; };
		A5ACC78C1E17344A0014795F /* MK_FShader_Polar.fsh in Resources */ = {isa = PBXBuildFile; fileRef = A5ACC77C1E17344A0014795F /* MK_FShader_Polar.fsh */; };
		A5ACC78D1E17344A0014795F /* MK_FShader_Rotate.fsh in Resources */ = {isa = PBXBuildFile; fileRef = A5ACC77D1E17344A0014795F /* MK_FShader_Rotate.fsh */; };
		A5ACC78E1E17344A0014795F /* MK_FShader_Shear.fsh in Resources */ = {isa = PBXBuildFile; fileRef = A5ACC77E1E17344A0014795F /* MK_FShader_Shear.fsh */; };
		A5ACC78F1E17344A0014795F /* MK_FShader_Stretch.fsh in Resources */ = {isa = PBXBuildFile; fileRef = A5ACC77F1E17344A0014795F /* MK_FShader_Stretch.fsh */; };
		A5ACC7901E17344A0014795F /* MK_FShader_Tunnel.fsh in Resources */ = {isa = PBXBuildFile; fileRef = A5ACC7801E17344A0014795F /* MK_FShader_Tunnel.fsh */; };
		A5ACC7911E17344A0014795F /* MK_FShader_VerticalMirror.fsh in Resources */ = {isa = PBXBuildFile; fileRef = A5ACC7811E17344A0014795F /* MK_FShader_VerticalMirror.fsh */; };
		A5ACC7921E17344A0014795F /* MK_FShader_VerticalStripes.fsh in Resources */ = {isa = PBXBuildFile; fileRef = A5ACC7821E17344A0014795F /* MK_FShader_VerticalStripes.fsh */; };
		A5ACC7931E17344A0014795F /* MK_FShader_Waves.fsh in Resources */ = {isa = PBXBuildFile; fileRef = A5ACC7831E17344A0014795F /* MK_FShader_Waves.fsh */; };
		A5ACC7971E1734670014795F /* MK_FShader_DrawGrid.fsh in Resources */ = {isa = PBXBuildFile; fileRef = A5ACC7941E1734670014795F /* MK_FShader_DrawGrid.fsh */; };
		A5ACC7981E1734670014795F /* MK_FShader_Invert.fsh in Resources */ = {isa = PBXBuildFile; fileRef = A5ACC7951E1734670014795F /* MK_FShader_Invert.fsh */; };
		A5ACC7991E1734670014795F /* MK_FShader_Vibrance.fsh in Resources */ = {isa = PBXBuildFile; fileRef = A5ACC7961E1734670014795F /* MK_FShader_Vibrance.fsh */; };
		A5ACC79B1E17347B0014795F /* MK_FShader_Blank.fsh in Resources */ = {isa = PBXBuildFile; fileRef = A5ACC79A1E17347B0014795F /* MK_FShader_Blank.fsh */; };
		A5BC69BD1E21FC8C008212D5 /* MK_FShader_MrPerlin.fsh in Resources */ = {isa = PBXBuildFile; fileRef = A5BC69BC1E21FC8C008212D5 /* MK_FShader_MrPerlin.fsh */; };
		A5C6C9D81E15D39800364421 /* main.m in Sources */ = {isa = PBXBuildFile; fileRef = A5C6C9D71E15D39800364421 /* main.m */; };
		A5C6C9DB1E15D39800364421 /* AppDelegate.m in Sources */ = {isa = PBXBuildFile; fileRef = A5C6C9DA1E15D39800364421 /* AppDelegate.m */; };
		A5C6C9DE1E15D39800364421 /* ViewController.m in Sources */ = {isa = PBXBuildFile; fileRef = A5C6C9DD1E15D39800364421 /* ViewController.m */; };
		A5C6C9E11E15D39800364421 /* Main.storyboard in Resources */ = {isa = PBXBuildFile; fileRef = A5C6C9DF1E15D39800364421 /* Main.storyboard */; };
		A5C6C9E31E15D39800364421 /* Assets.xcassets in Resources */ = {isa = PBXBuildFile; fileRef = A5C6C9E21E15D39800364421 /* Assets.xcassets */; };
		A5C6C9E61E15D39800364421 /* LaunchScreen.storyboard in Resources */ = {isa = PBXBuildFile; fileRef = A5C6C9E41E15D39800364421 /* LaunchScreen.storyboard */; };
		A5EFBECB1E1625120046E72A /* QTouchposeApplication.m in Sources */ = {isa = PBXBuildFile; fileRef = A5EFBECA1E1625120046E72A /* QTouchposeApplication.m */; };
/* End PBXBuildFile section */

/* Begin PBXFileReference section */
		52F9F2C64BA2D46DFCAD4831 /* libPods-Oblique.a */ = {isa = PBXFileReference; explicitFileType = archive.ar; includeInIndex = 0; path = "libPods-Oblique.a"; sourceTree = BUILT_PRODUCTS_DIR; };
		78A635A2ED891BB3F72CE758 /* Pods-Oblique.release.xcconfig */ = {isa = PBXFileReference; includeInIndex = 1; lastKnownFileType = text.xcconfig; name = "Pods-Oblique.release.xcconfig"; path = "Pods/Target Support Files/Pods-Oblique/Pods-Oblique.release.xcconfig"; sourceTree = "<group>"; };
		A510BD1B1E21967C006FA9D4 /* MK_FShader_overMirror.fsh */ = {isa = PBXFileReference; fileEncoding = 4; lastKnownFileType = sourcecode.glsl; path = MK_FShader_overMirror.fsh; sourceTree = "<group>"; };
		A55B748B1E32E60700C53A04 /* MK_FShader_RGB_Separation.fsh */ = {isa = PBXFileReference; fileEncoding = 4; lastKnownFileType = sourcecode.glsl; path = MK_FShader_RGB_Separation.fsh; sourceTree = "<group>"; };
		A560E30B1E1D7A5900F1ED4E /* MK_GPUImageStillCamera.h */ = {isa = PBXFileReference; fileEncoding = 4; lastKnownFileType = sourcecode.c.h; path = MK_GPUImageStillCamera.h; sourceTree = "<group>"; };
		A560E30C1E1D7A5900F1ED4E /* MK_GPUImageStillCamera.m */ = {isa = PBXFileReference; fileEncoding = 4; lastKnownFileType = sourcecode.c.objc; path = MK_GPUImageStillCamera.m; sourceTree = "<group>"; };
		A560E30E1E1DB0BD00F1ED4E /* MK_FShader_NoiseWarp.fsh */ = {isa = PBXFileReference; fileEncoding = 4; lastKnownFileType = sourcecode.glsl; path = MK_FShader_NoiseWarp.fsh; sourceTree = "<group>"; };
		A58D18B11E19B13A00EB8C49 /* MK_AdjustmentViewController.h */ = {isa = PBXFileReference; fileEncoding = 4; lastKnownFileType = sourcecode.c.h; path = MK_AdjustmentViewController.h; sourceTree = "<group>"; };
		A58D18B21E19B13A00EB8C49 /* MK_AdjustmentViewController.m */ = {isa = PBXFileReference; fileEncoding = 4; lastKnownFileType = sourcecode.c.objc; path = MK_AdjustmentViewController.m; sourceTree = "<group>"; };
		A59D94F61E16E98C00049C5D /* MK_FilterViewCell.h */ = {isa = PBXFileReference; fileEncoding = 4; lastKnownFileType = sourcecode.c.h; path = MK_FilterViewCell.h; sourceTree = "<group>"; };
		A59D94F71E16E98C00049C5D /* MK_FilterViewCell.m */ = {isa = PBXFileReference; fileEncoding = 4; lastKnownFileType = sourcecode.c.objc; path = MK_FilterViewCell.m; sourceTree = "<group>"; };
		A59D94F81E16E98C00049C5D /* MK_FilterViewController.h */ = {isa = PBXFileReference; fileEncoding = 4; lastKnownFileType = sourcecode.c.h; path = MK_FilterViewController.h; sourceTree = "<group>"; };
		A59D94F91E16E98C00049C5D /* MK_FilterViewController.m */ = {isa = PBXFileReference; fileEncoding = 4; lastKnownFileType = sourcecode.c.objc; path = MK_FilterViewController.m; sourceTree = "<group>"; };
		A59D94FD1E16ED7400049C5D /* MK_GPUImageCameraManager.h */ = {isa = PBXFileReference; fileEncoding = 4; lastKnownFileType = sourcecode.c.h; path = MK_GPUImageCameraManager.h; sourceTree = "<group>"; };
		A59D94FE1E16ED7400049C5D /* MK_GPUImageCameraManager.m */ = {isa = PBXFileReference; fileEncoding = 4; lastKnownFileType = sourcecode.c.objc; path = MK_GPUImageCameraManager.m; sourceTree = "<group>"; };
		A59D95001E16ED8F00049C5D /* MK_Shader.h */ = {isa = PBXFileReference; fileEncoding = 4; lastKnownFileType = sourcecode.c.h; path = MK_Shader.h; sourceTree = "<group>"; };
		A59D95011E16ED8F00049C5D /* MK_Shader.m */ = {isa = PBXFileReference; fileEncoding = 4; lastKnownFileType = sourcecode.c.objc; path = MK_Shader.m; sourceTree = "<group>"; };
		A59D95021E16ED8F00049C5D /* MK_ShaderGroup.h */ = {isa = PBXFileReference; fileEncoding = 4; lastKnownFileType = sourcecode.c.h; path = MK_ShaderGroup.h; sourceTree = "<group>"; };
		A59D95031E16ED8F00049C5D /* MK_ShaderGroup.m */ = {isa = PBXFileReference; fileEncoding = 4; lastKnownFileType = sourcecode.c.objc; path = MK_ShaderGroup.m; sourceTree = "<group>"; };
		A59D95071E16F68600049C5D /* MK_GPUImageCustom3Input.h */ = {isa = PBXFileReference; fileEncoding = 4; lastKnownFileType = sourcecode.c.h; path = MK_GPUImageCustom3Input.h; sourceTree = "<group>"; };
		A59D95081E16F68600049C5D /* MK_GPUImageCustom3Input.m */ = {isa = PBXFileReference; fileEncoding = 4; lastKnownFileType = sourcecode.c.objc; path = MK_GPUImageCustom3Input.m; sourceTree = "<group>"; };
		A59D950A1E16F81400049C5D /* MK_CameraGridView.h */ = {isa = PBXFileReference; fileEncoding = 4; lastKnownFileType = sourcecode.c.h; path = MK_CameraGridView.h; sourceTree = "<group>"; };
		A59D950B1E16F81400049C5D /* MK_CameraGridView.m */ = {isa = PBXFileReference; fileEncoding = 4; lastKnownFileType = sourcecode.c.objc; path = MK_CameraGridView.m; sourceTree = "<group>"; };
		A59D950E1E16F8A500049C5D /* MK_PausableTimer.h */ = {isa = PBXFileReference; fileEncoding = 4; lastKnownFileType = sourcecode.c.h; path = MK_PausableTimer.h; sourceTree = "<group>"; };
		A59D950F1E16F8A500049C5D /* MK_PausableTimer.m */ = {isa = PBXFileReference; fileEncoding = 4; lastKnownFileType = sourcecode.c.objc; path = MK_PausableTimer.m; sourceTree = "<group>"; };
		A59D95111E16FA5700049C5D /* Common.h */ = {isa = PBXFileReference; fileEncoding = 4; lastKnownFileType = sourcecode.c.h; path = Common.h; sourceTree = "<group>"; };
		A59D95121E16FA5700049C5D /* Common.m */ = {isa = PBXFileReference; fileEncoding = 4; lastKnownFileType = sourcecode.c.objc; path = Common.m; sourceTree = "<group>"; };
		A59F9B041E1887900020CC87 /* MK_DismissInfoSegue.h */ = {isa = PBXFileReference; fileEncoding = 4; lastKnownFileType = sourcecode.c.h; path = MK_DismissInfoSegue.h; sourceTree = "<group>"; };
		A59F9B051E18879B0020CC87 /* MK_DismissInfoSegue.m */ = {isa = PBXFileReference; fileEncoding = 4; lastKnownFileType = sourcecode.c.objc; path = MK_DismissInfoSegue.m; sourceTree = "<group>"; };
		A5A5985E1E2EEC28009E72BE /* MK_LabelWithInsets.h */ = {isa = PBXFileReference; fileEncoding = 4; lastKnownFileType = sourcecode.c.h; path = MK_LabelWithInsets.h; sourceTree = "<group>"; };
		A5A5985F1E2EEC28009E72BE /* MK_LabelWithInsets.m */ = {isa = PBXFileReference; fileEncoding = 4; lastKnownFileType = sourcecode.c.objc; path = MK_LabelWithInsets.m; sourceTree = "<group>"; };
		A5AA384E1E1819080056A532 /* MK_DismissSegue.h */ = {isa = PBXFileReference; fileEncoding = 4; lastKnownFileType = sourcecode.c.h; path = MK_DismissSegue.h; sourceTree = "<group>"; };
		A5AA384F1E1819080056A532 /* MK_DismissSegue.m */ = {isa = PBXFileReference; fileEncoding = 4; lastKnownFileType = sourcecode.c.objc; path = MK_DismissSegue.m; sourceTree = "<group>"; };
		A5ACC7111E17015E0014795F /* MK_FShader_Brightness.fsh */ = {isa = PBXFileReference; fileEncoding = 4; lastKnownFileType = sourcecode.glsl; path = MK_FShader_Brightness.fsh; sourceTree = "<group>"; };
		A5ACC7121E17015E0014795F /* MK_FShader_Contrast.fsh */ = {isa = PBXFileReference; fileEncoding = 4; lastKnownFileType = sourcecode.glsl; path = MK_FShader_Contrast.fsh; sourceTree = "<group>"; };
		A5ACC7131E17015E0014795F /* MK_FShader_Hue.fsh */ = {isa = PBXFileReference; fileEncoding = 4; lastKnownFileType = sourcecode.glsl; path = MK_FShader_Hue.fsh; sourceTree = "<group>"; };
		A5ACC7141E17015E0014795F /* MK_FShader_Saturation.fsh */ = {isa = PBXFileReference; fileEncoding = 4; lastKnownFileType = sourcecode.glsl; path = MK_FShader_Saturation.fsh; sourceTree = "<group>"; };
		A5ACC7151E17015E0014795F /* MK_FShader_Sharpness.fsh */ = {isa = PBXFileReference; fileEncoding = 4; lastKnownFileType = sourcecode.glsl; path = MK_FShader_Sharpness.fsh; sourceTree = "<group>"; };
		A5ACC7161E17015E0014795F /* MK_FShader_ToneMap.fsh */ = {isa = PBXFileReference; fileEncoding = 4; lastKnownFileType = sourcecode.glsl; path = MK_FShader_ToneMap.fsh; sourceTree = "<group>"; };
		A5ACC74F1E17338A0014795F /* MK_FShader_TimerTest.fsh */ = {isa = PBXFileReference; fileEncoding = 4; lastKnownFileType = sourcecode.glsl; path = MK_FShader_TimerTest.fsh; sourceTree = "<group>"; };
		A5ACC7741E17344A0014795F /* MK_FShader_4Scope.fsh */ = {isa = PBXFileReference; fileEncoding = 4; lastKnownFileType = sourcecode.glsl; path = MK_FShader_4Scope.fsh; sourceTree = "<group>"; };
		A5ACC7751E17344A0014795F /* MK_FShader_4Split.fsh */ = {isa = PBXFileReference; fileEncoding = 4; lastKnownFileType = sourcecode.glsl; path = MK_FShader_4Split.fsh; sourceTree = "<group>"; };
		A5ACC7761E17344A0014795F /* MK_FShader_AnalogTV.fsh */ = {isa = PBXFileReference; fileEncoding = 4; lastKnownFileType = sourcecode.glsl; path = MK_FShader_AnalogTV.fsh; sourceTree = "<group>"; };
		A5ACC7771E17344A0014795F /* MK_FShader_ColorCycle.fsh */ = {isa = PBXFileReference; fileEncoding = 4; lastKnownFileType = sourcecode.glsl; path = MK_FShader_ColorCycle.fsh; sourceTree = "<group>"; };
		A5ACC7781E17344A0014795F /* MK_FShader_Edge_Detect.fsh */ = {isa = PBXFileReference; fileEncoding = 4; lastKnownFileType = sourcecode.glsl; path = MK_FShader_Edge_Detect.fsh; sourceTree = "<group>"; };
		A5ACC7791E17344A0014795F /* MK_FShader_GridImage.fsh */ = {isa = PBXFileReference; fileEncoding = 4; lastKnownFileType = sourcecode.glsl; path = MK_FShader_GridImage.fsh; sourceTree = "<group>"; };
		A5ACC77A1E17344A0014795F /* MK_FShader_HorizontalMirror.fsh */ = {isa = PBXFileReference; fileEncoding = 4; lastKnownFileType = sourcecode.glsl; path = MK_FShader_HorizontalMirror.fsh; sourceTree = "<group>"; };
		A5ACC77B1E17344A0014795F /* MK_FShader_HorizontalStripes.fsh */ = {isa = PBXFileReference; fileEncoding = 4; lastKnownFileType = sourcecode.glsl; path = MK_FShader_HorizontalStripes.fsh; sourceTree = "<group>"; };
		A5ACC77C1E17344A0014795F /* MK_FShader_Polar.fsh */ = {isa = PBXFileReference; fileEncoding = 4; lastKnownFileType = sourcecode.glsl; path = MK_FShader_Polar.fsh; sourceTree = "<group>"; };
		A5ACC77D1E17344A0014795F /* MK_FShader_Rotate.fsh */ = {isa = PBXFileReference; fileEncoding = 4; lastKnownFileType = sourcecode.glsl; path = MK_FShader_Rotate.fsh; sourceTree = "<group>"; };
		A5ACC77E1E17344A0014795F /* MK_FShader_Shear.fsh */ = {isa = PBXFileReference; fileEncoding = 4; lastKnownFileType = sourcecode.glsl; path = MK_FShader_Shear.fsh; sourceTree = "<group>"; };
		A5ACC77F1E17344A0014795F /* MK_FShader_Stretch.fsh */ = {isa = PBXFileReference; fileEncoding = 4; lastKnownFileType = sourcecode.glsl; path = MK_FShader_Stretch.fsh; sourceTree = "<group>"; };
		A5ACC7801E17344A0014795F /* MK_FShader_Tunnel.fsh */ = {isa = PBXFileReference; fileEncoding = 4; lastKnownFileType = sourcecode.glsl; path = MK_FShader_Tunnel.fsh; sourceTree = "<group>"; };
		A5ACC7811E17344A0014795F /* MK_FShader_VerticalMirror.fsh */ = {isa = PBXFileReference; fileEncoding = 4; lastKnownFileType = sourcecode.glsl; path = MK_FShader_VerticalMirror.fsh; sourceTree = "<group>"; };
		A5ACC7821E17344A0014795F /* MK_FShader_VerticalStripes.fsh */ = {isa = PBXFileReference; fileEncoding = 4; lastKnownFileType = sourcecode.glsl; path = MK_FShader_VerticalStripes.fsh; sourceTree = "<group>"; };
		A5ACC7831E17344A0014795F /* MK_FShader_Waves.fsh */ = {isa = PBXFileReference; fileEncoding = 4; lastKnownFileType = sourcecode.glsl; path = MK_FShader_Waves.fsh; sourceTree = "<group>"; };
		A5ACC7941E1734670014795F /* MK_FShader_DrawGrid.fsh */ = {isa = PBXFileReference; fileEncoding = 4; lastKnownFileType = sourcecode.glsl; path = MK_FShader_DrawGrid.fsh; sourceTree = "<group>"; };
		A5ACC7951E1734670014795F /* MK_FShader_Invert.fsh */ = {isa = PBXFileReference; fileEncoding = 4; lastKnownFileType = sourcecode.glsl; path = MK_FShader_Invert.fsh; sourceTree = "<group>"; };
		A5ACC7961E1734670014795F /* MK_FShader_Vibrance.fsh */ = {isa = PBXFileReference; fileEncoding = 4; lastKnownFileType = sourcecode.glsl; path = MK_FShader_Vibrance.fsh; sourceTree = "<group>"; };
		A5ACC79A1E17347B0014795F /* MK_FShader_Blank.fsh */ = {isa = PBXFileReference; fileEncoding = 4; lastKnownFileType = sourcecode.glsl; path = MK_FShader_Blank.fsh; sourceTree = "<group>"; };
		A5BC69BC1E21FC8C008212D5 /* MK_FShader_MrPerlin.fsh */ = {isa = PBXFileReference; fileEncoding = 4; lastKnownFileType = sourcecode.glsl; path = MK_FShader_MrPerlin.fsh; sourceTree = "<group>"; };
		A5C6C9D31E15D39800364421 /* Oblique.app */ = {isa = PBXFileReference; explicitFileType = wrapper.application; includeInIndex = 0; path = Oblique.app; sourceTree = BUILT_PRODUCTS_DIR; };
		A5C6C9D71E15D39800364421 /* main.m */ = {isa = PBXFileReference; lastKnownFileType = sourcecode.c.objc; path = main.m; sourceTree = "<group>"; };
		A5C6C9D91E15D39800364421 /* AppDelegate.h */ = {isa = PBXFileReference; lastKnownFileType = sourcecode.c.h; path = AppDelegate.h; sourceTree = "<group>"; };
		A5C6C9DA1E15D39800364421 /* AppDelegate.m */ = {isa = PBXFileReference; lastKnownFileType = sourcecode.c.objc; path = AppDelegate.m; sourceTree = "<group>"; };
		A5C6C9DC1E15D39800364421 /* ViewController.h */ = {isa = PBXFileReference; lastKnownFileType = sourcecode.c.h; path = ViewController.h; sourceTree = "<group>"; };
		A5C6C9DD1E15D39800364421 /* ViewController.m */ = {isa = PBXFileReference; lastKnownFileType = sourcecode.c.objc; path = ViewController.m; sourceTree = "<group>"; };
		A5C6C9E01E15D39800364421 /* Base */ = {isa = PBXFileReference; lastKnownFileType = file.storyboard; name = Base; path = Base.lproj/Main.storyboard; sourceTree = "<group>"; };
		A5C6C9E21E15D39800364421 /* Assets.xcassets */ = {isa = PBXFileReference; lastKnownFileType = folder.assetcatalog; path = Assets.xcassets; sourceTree = "<group>"; };
		A5C6C9E51E15D39800364421 /* Base */ = {isa = PBXFileReference; lastKnownFileType = file.storyboard; name = Base; path = Base.lproj/LaunchScreen.storyboard; sourceTree = "<group>"; };
		A5C6C9E71E15D39800364421 /* Info.plist */ = {isa = PBXFileReference; lastKnownFileType = text.plist.xml; path = Info.plist; sourceTree = "<group>"; };
		A5EFBEC91E1625120046E72A /* QTouchposeApplication.h */ = {isa = PBXFileReference; fileEncoding = 4; lastKnownFileType = sourcecode.c.h; path = QTouchposeApplication.h; sourceTree = "<group>"; };
		A5EFBECA1E1625120046E72A /* QTouchposeApplication.m */ = {isa = PBXFileReference; fileEncoding = 4; lastKnownFileType = sourcecode.c.objc; path = QTouchposeApplication.m; sourceTree = "<group>"; };
		CB53041B581E739D294BCAA6 /* Pods-Oblique.debug.xcconfig */ = {isa = PBXFileReference; includeInIndex = 1; lastKnownFileType = text.xcconfig; name = "Pods-Oblique.debug.xcconfig"; path = "Pods/Target Support Files/Pods-Oblique/Pods-Oblique.debug.xcconfig"; sourceTree = "<group>"; };
/* End PBXFileReference section */

/* Begin PBXFrameworksBuildPhase section */
		A5C6C9D01E15D39800364421 /* Frameworks */ = {
			isa = PBXFrameworksBuildPhase;
			buildActionMask = 2147483647;
			files = (
				16540918296C78DC978EBDB2 /* libPods-Oblique.a in Frameworks */,
			);
			runOnlyForDeploymentPostprocessing = 0;
		};
/* End PBXFrameworksBuildPhase section */

/* Begin PBXGroup section */
		4A589B898BE21D2A7D0589EA /* Pods */ = {
			isa = PBXGroup;
			children = (
				CB53041B581E739D294BCAA6 /* Pods-Oblique.debug.xcconfig */,
				78A635A2ED891BB3F72CE758 /* Pods-Oblique.release.xcconfig */,
			);
			name = Pods;
			sourceTree = "<group>";
		};
		A51DC8E91E1851E40050C0D8 /* Adjustment Menu */ = {
			isa = PBXGroup;
			children = (
				A58D18B11E19B13A00EB8C49 /* MK_AdjustmentViewController.h */,
				A58D18B21E19B13A00EB8C49 /* MK_AdjustmentViewController.m */,
				A5A5985E1E2EEC28009E72BE /* MK_LabelWithInsets.h */,
				A5A5985F1E2EEC28009E72BE /* MK_LabelWithInsets.m */,
			);
			name = "Adjustment Menu";
			sourceTree = "<group>";
		};
		A560E30A1E1D7A2700F1ED4E /* Custom Camera to Support IOS 10 Camera Features */ = {
			isa = PBXGroup;
			children = (
				A560E30B1E1D7A5900F1ED4E /* MK_GPUImageStillCamera.h */,
				A560E30C1E1D7A5900F1ED4E /* MK_GPUImageStillCamera.m */,
			);
			name = "Custom Camera to Support IOS 10 Camera Features";
			sourceTree = "<group>";
		};
		A59D94FC1E16E99A00049C5D /* Filter Menu */ = {
			isa = PBXGroup;
			children = (
				A59D94F61E16E98C00049C5D /* MK_FilterViewCell.h */,
				A59D94F71E16E98C00049C5D /* MK_FilterViewCell.m */,
				A59D94F81E16E98C00049C5D /* MK_FilterViewController.h */,
				A59D94F91E16E98C00049C5D /* MK_FilterViewController.m */,
			);
			name = "Filter Menu";
			sourceTree = "<group>";
		};
		A59D95061E16EDA000049C5D /* Camera Manager */ = {
			isa = PBXGroup;
			children = (
				A560E30A1E1D7A2700F1ED4E /* Custom Camera to Support IOS 10 Camera Features */,
				A59D94FD1E16ED7400049C5D /* MK_GPUImageCameraManager.h */,
				A59D94FE1E16ED7400049C5D /* MK_GPUImageCameraManager.m */,
				A59D95001E16ED8F00049C5D /* MK_Shader.h */,
				A59D95011E16ED8F00049C5D /* MK_Shader.m */,
				A59D95021E16ED8F00049C5D /* MK_ShaderGroup.h */,
				A59D95031E16ED8F00049C5D /* MK_ShaderGroup.m */,
			);
			name = "Camera Manager";
			sourceTree = "<group>";
		};
		A59D950D1E16F82B00049C5D /* Custom Filter */ = {
			isa = PBXGroup;
			children = (
				A59D95071E16F68600049C5D /* MK_GPUImageCustom3Input.h */,
				A59D95081E16F68600049C5D /* MK_GPUImageCustom3Input.m */,
			);
			name = "Custom Filter";
			sourceTree = "<group>";
		};
		A5ACC70C1E1700D30014795F /* Shader Files */ = {
			isa = PBXGroup;
			children = (
				A5ACC70E1E1700EA0014795F /* Fragment Shaders: Working */,
				A5ACC70F1E1700F30014795F /* Fragment Shaders: In Progress */,
				A5ACC7101E1700FF0014795F /* Fragment Shaders: Templates */,
			);
			name = "Shader Files";
			sourceTree = "<group>";
		};
		A5ACC70E1E1700EA0014795F /* Fragment Shaders: Working */ = {
			isa = PBXGroup;
			children = (
				A5ACC73E1E1702050014795F /* Filters */,
				A5ACC71D1E1701F20014795F /* Adjustments */,
			);
			name = "Fragment Shaders: Working";
			sourceTree = "<group>";
		};
		A5ACC70F1E1700F30014795F /* Fragment Shaders: In Progress */ = {
			isa = PBXGroup;
			children = (
				A5ACC7941E1734670014795F /* MK_FShader_DrawGrid.fsh */,
				A5ACC7961E1734670014795F /* MK_FShader_Vibrance.fsh */,
			);
			name = "Fragment Shaders: In Progress";
			sourceTree = "<group>";
		};
		A5ACC7101E1700FF0014795F /* Fragment Shaders: Templates */ = {
			isa = PBXGroup;
			children = (
				A5ACC79A1E17347B0014795F /* MK_FShader_Blank.fsh */,
				A5ACC74F1E17338A0014795F /* MK_FShader_TimerTest.fsh */,
			);
			name = "Fragment Shaders: Templates";
			sourceTree = "<group>";
		};
		A5ACC71D1E1701F20014795F /* Adjustments */ = {
			isa = PBXGroup;
			children = (
				A5ACC7951E1734670014795F /* MK_FShader_Invert.fsh */,
				A5ACC7111E17015E0014795F /* MK_FShader_Brightness.fsh */,
				A5ACC7121E17015E0014795F /* MK_FShader_Contrast.fsh */,
				A5ACC7131E17015E0014795F /* MK_FShader_Hue.fsh */,
				A5ACC7141E17015E0014795F /* MK_FShader_Saturation.fsh */,
				A5ACC7151E17015E0014795F /* MK_FShader_Sharpness.fsh */,
				A5ACC7161E17015E0014795F /* MK_FShader_ToneMap.fsh */,
			);
			name = Adjustments;
			sourceTree = "<group>";
		};
		A5ACC73E1E1702050014795F /* Filters */ = {
			isa = PBXGroup;
			children = (
				A560E30E1E1DB0BD00F1ED4E /* MK_FShader_NoiseWarp.fsh */,
				A5BC69BC1E21FC8C008212D5 /* MK_FShader_MrPerlin.fsh */,
				A5ACC7741E17344A0014795F /* MK_FShader_4Scope.fsh */,
				A510BD1B1E21967C006FA9D4 /* MK_FShader_overMirror.fsh */,
				A5ACC7751E17344A0014795F /* MK_FShader_4Split.fsh */,
				A5ACC7761E17344A0014795F /* MK_FShader_AnalogTV.fsh */,
				A5ACC7771E17344A0014795F /* MK_FShader_ColorCycle.fsh */,
				A5ACC7781E17344A0014795F /* MK_FShader_Edge_Detect.fsh */,
				A5ACC7791E17344A0014795F /* MK_FShader_GridImage.fsh */,
				A5ACC77A1E17344A0014795F /* MK_FShader_HorizontalMirror.fsh */,
				A5ACC77B1E17344A0014795F /* MK_FShader_HorizontalStripes.fsh */,
				A5ACC77C1E17344A0014795F /* MK_FShader_Polar.fsh */,
				A5ACC77D1E17344A0014795F /* MK_FShader_Rotate.fsh */,
				A5ACC77E1E17344A0014795F /* MK_FShader_Shear.fsh */,
				A5ACC77F1E17344A0014795F /* MK_FShader_Stretch.fsh */,
				A5ACC7801E17344A0014795F /* MK_FShader_Tunnel.fsh */,
				A5ACC7811E17344A0014795F /* MK_FShader_VerticalMirror.fsh */,
				A5ACC7821E17344A0014795F /* MK_FShader_VerticalStripes.fsh */,
				A5ACC7831E17344A0014795F /* MK_FShader_Waves.fsh */,
				A55B748B1E32E60700C53A04 /* MK_FShader_RGB_Separation.fsh */,
			);
			name = Filters;
			sourceTree = "<group>";
		};
		A5C6C9CA1E15D39800364421 = {
			isa = PBXGroup;
			children = (
				A5C6C9D51E15D39800364421 /* Oblique */,
				A5C6C9D41E15D39800364421 /* Products */,
				4A589B898BE21D2A7D0589EA /* Pods */,
				BA4928DBE7C97404FDE875BD /* Frameworks */,
			);
			sourceTree = "<group>";
		};
		A5C6C9D41E15D39800364421 /* Products */ = {
			isa = PBXGroup;
			children = (
				A5C6C9D31E15D39800364421 /* Oblique.app */,
			);
			name = Products;
			sourceTree = "<group>";
		};
		A5C6C9D51E15D39800364421 /* Oblique */ = {
			isa = PBXGroup;
			children = (
				A5EFBEC81E1624FF0046E72A /* Utilities */,
				A5C6C9D91E15D39800364421 /* AppDelegate.h */,
				A5C6C9DA1E15D39800364421 /* AppDelegate.m */,
				A5EFBECC1E162A290046E72A /* Main Camera View */,
				A59D95061E16EDA000049C5D /* Camera Manager */,
				A59D950D1E16F82B00049C5D /* Custom Filter */,
				A5ACC70C1E1700D30014795F /* Shader Files */,
				A59D94FC1E16E99A00049C5D /* Filter Menu */,
				A51DC8E91E1851E40050C0D8 /* Adjustment Menu */,
				A5C6C9E21E15D39800364421 /* Assets.xcassets */,
				A5C6C9E41E15D39800364421 /* LaunchScreen.storyboard */,
				A5C6C9E71E15D39800364421 /* Info.plist */,
				A5C6C9D61E15D39800364421 /* Supporting Files */,
			);
			path = Oblique;
			sourceTree = "<group>";
		};
		A5C6C9D61E15D39800364421 /* Supporting Files */ = {
			isa = PBXGroup;
			children = (
				A5C6C9D71E15D39800364421 /* main.m */,
			);
			name = "Supporting Files";
			sourceTree = "<group>";
		};
		A5EFBEC81E1624FF0046E72A /* Utilities */ = {
			isa = PBXGroup;
			children = (
				A59D95111E16FA5700049C5D /* Common.h */,
				A59D95121E16FA5700049C5D /* Common.m */,
				A5AA384E1E1819080056A532 /* MK_DismissSegue.h */,
				A5AA384F1E1819080056A532 /* MK_DismissSegue.m */,
				A59F9B041E1887900020CC87 /* MK_DismissInfoSegue.h */,
				A59F9B051E18879B0020CC87 /* MK_DismissInfoSegue.m */,
				A59D950E1E16F8A500049C5D /* MK_PausableTimer.h */,
				A59D950F1E16F8A500049C5D /* MK_PausableTimer.m */,
				A59D950A1E16F81400049C5D /* MK_CameraGridView.h */,
				A59D950B1E16F81400049C5D /* MK_CameraGridView.m */,
				A5EFBEC91E1625120046E72A /* QTouchposeApplication.h */,
				A5EFBECA1E1625120046E72A /* QTouchposeApplication.m */,
			);
			name = Utilities;
			sourceTree = "<group>";
		};
		A5EFBECC1E162A290046E72A /* Main Camera View */ = {
			isa = PBXGroup;
			children = (
				A5C6C9DC1E15D39800364421 /* ViewController.h */,
				A5C6C9DD1E15D39800364421 /* ViewController.m */,
				A5C6C9DF1E15D39800364421 /* Main.storyboard */,
			);
			name = "Main Camera View";
			sourceTree = "<group>";
		};
		BA4928DBE7C97404FDE875BD /* Frameworks */ = {
			isa = PBXGroup;
			children = (
				52F9F2C64BA2D46DFCAD4831 /* libPods-Oblique.a */,
			);
			name = Frameworks;
			sourceTree = "<group>";
		};
/* End PBXGroup section */

/* Begin PBXNativeTarget section */
		A5C6C9D21E15D39800364421 /* Oblique */ = {
			isa = PBXNativeTarget;
			buildConfigurationList = A5C6C9EA1E15D39800364421 /* Build configuration list for PBXNativeTarget "Oblique" */;
			buildPhases = (
				17DFF5B4951D5E5F51C47877 /* [CP] Check Pods Manifest.lock */,
				A5C6C9CF1E15D39800364421 /* Sources */,
				A5C6C9D01E15D39800364421 /* Frameworks */,
				A5C6C9D11E15D39800364421 /* Resources */,
				6D621E1107A5FA312C60D790 /* [CP] Embed Pods Frameworks */,
				C5C1E9C42CA802D087C62D68 /* [CP] Copy Pods Resources */,
			);
			buildRules = (
			);
			dependencies = (
			);
			name = Oblique;
			productName = Oblique;
			productReference = A5C6C9D31E15D39800364421 /* Oblique.app */;
			productType = "com.apple.product-type.application";
		};
/* End PBXNativeTarget section */

/* Begin PBXProject section */
		A5C6C9CB1E15D39800364421 /* Project object */ = {
			isa = PBXProject;
			attributes = {
				LastUpgradeCheck = 0820;
				ORGANIZATIONNAME = "Masood Kamandy";
				TargetAttributes = {
					A5C6C9D21E15D39800364421 = {
						CreatedOnToolsVersion = 8.2.1;
						DevelopmentTeam = 2LTFKU9364;
						ProvisioningStyle = Automatic;
					};
				};
			};
			buildConfigurationList = A5C6C9CE1E15D39800364421 /* Build configuration list for PBXProject "Oblique" */;
			compatibilityVersion = "Xcode 3.2";
			developmentRegion = English;
			hasScannedForEncodings = 0;
			knownRegions = (
				en,
				Base,
			);
			mainGroup = A5C6C9CA1E15D39800364421;
			productRefGroup = A5C6C9D41E15D39800364421 /* Products */;
			projectDirPath = "";
			projectRoot = "";
			targets = (
				A5C6C9D21E15D39800364421 /* Oblique */,
			);
		};
/* End PBXProject section */

/* Begin PBXResourcesBuildPhase section */
		A5C6C9D11E15D39800364421 /* Resources */ = {
			isa = PBXResourcesBuildPhase;
			buildActionMask = 2147483647;
			files = (
				A5ACC7851E17344A0014795F /* MK_FShader_4Split.fsh in Resources */,
				A560E30F1E1DB0BD00F1ED4E /* MK_FShader_NoiseWarp.fsh in Resources */,
				A5ACC7901E17344A0014795F /* MK_FShader_Tunnel.fsh in Resources */,
				A5ACC78B1E17344A0014795F /* MK_FShader_HorizontalStripes.fsh in Resources */,
				A5ACC7871E17344A0014795F /* MK_FShader_ColorCycle.fsh in Resources */,
				A5ACC78A1E17344A0014795F /* MK_FShader_HorizontalMirror.fsh in Resources */,
				A5C6C9E61E15D39800364421 /* LaunchScreen.storyboard in Resources */,
				A5C6C9E31E15D39800364421 /* Assets.xcassets in Resources */,
				A5ACC7981E1734670014795F /* MK_FShader_Invert.fsh in Resources */,
				A5ACC7641E17338A0014795F /* MK_FShader_TimerTest.fsh in Resources */,
				A5ACC7171E17015E0014795F /* MK_FShader_Brightness.fsh in Resources */,
				A5ACC78D1E17344A0014795F /* MK_FShader_Rotate.fsh in Resources */,
				A5ACC78F1E17344A0014795F /* MK_FShader_Stretch.fsh in Resources */,
				A5ACC7841E17344A0014795F /* MK_FShader_4Scope.fsh in Resources */,
				A5ACC7971E1734670014795F /* MK_FShader_DrawGrid.fsh in Resources */,
				A5ACC7911E17344A0014795F /* MK_FShader_VerticalMirror.fsh in Resources */,
				A5ACC7991E1734670014795F /* MK_FShader_Vibrance.fsh in Resources */,
				A5ACC78C1E17344A0014795F /* MK_FShader_Polar.fsh in Resources */,
				A5BC69BD1E21FC8C008212D5 /* MK_FShader_MrPerlin.fsh in Resources */,
				A55B748C1E32E60700C53A04 /* MK_FShader_RGB_Separation.fsh in Resources */,
				A510BD1C1E21967C006FA9D4 /* MK_FShader_overMirror.fsh in Resources */,
				A5ACC71C1E17015E0014795F /* MK_FShader_ToneMap.fsh in Resources */,
				A5ACC71B1E17015E0014795F /* MK_FShader_Sharpness.fsh in Resources */,
				A5C6C9E11E15D39800364421 /* Main.storyboard in Resources */,
				A5ACC78E1E17344A0014795F /* MK_FShader_Shear.fsh in Resources */,
				A5ACC7921E17344A0014795F /* MK_FShader_VerticalStripes.fsh in Resources */,
				A5ACC7191E17015E0014795F /* MK_FShader_Hue.fsh in Resources */,
				A5ACC7891E17344A0014795F /* MK_FShader_GridImage.fsh in Resources */,
				A5ACC7181E17015E0014795F /* MK_FShader_Contrast.fsh in Resources */,
				A5ACC7861E17344A0014795F /* MK_FShader_AnalogTV.fsh in Resources */,
				A5ACC7881E17344A0014795F /* MK_FShader_Edge_Detect.fsh in Resources */,
				A5ACC71A1E17015E0014795F /* MK_FShader_Saturation.fsh in Resources */,
				A5ACC79B1E17347B0014795F /* MK_FShader_Blank.fsh in Resources */,
				A5ACC7931E17344A0014795F /* MK_FShader_Waves.fsh in Resources */,
			);
			runOnlyForDeploymentPostprocessing = 0;
		};
/* End PBXResourcesBuildPhase section */

/* Begin PBXShellScriptBuildPhase section */
		17DFF5B4951D5E5F51C47877 /* [CP] Check Pods Manifest.lock */ = {
			isa = PBXShellScriptBuildPhase;
			buildActionMask = 2147483647;
			files = (
			);
			inputPaths = (
			);
			name = "[CP] Check Pods Manifest.lock";
			outputPaths = (
			);
			runOnlyForDeploymentPostprocessing = 0;
			shellPath = /bin/sh;
			shellScript = "diff \"${PODS_ROOT}/../Podfile.lock\" \"${PODS_ROOT}/Manifest.lock\" > /dev/null\nif [ $? != 0 ] ; then\n    # print error to STDERR\n    echo \"error: The sandbox is not in sync with the Podfile.lock. Run 'pod install' or update your CocoaPods installation.\" >&2\n    exit 1\nfi\n";
			showEnvVarsInLog = 0;
		};
		6D621E1107A5FA312C60D790 /* [CP] Embed Pods Frameworks */ = {
			isa = PBXShellScriptBuildPhase;
			buildActionMask = 2147483647;
			files = (
			);
			inputPaths = (
			);
			name = "[CP] Embed Pods Frameworks";
			outputPaths = (
			);
			runOnlyForDeploymentPostprocessing = 0;
			shellPath = /bin/sh;
			shellScript = "\"${SRCROOT}/Pods/Target Support Files/Pods-Oblique/Pods-Oblique-frameworks.sh\"\n";
			showEnvVarsInLog = 0;
		};
		C5C1E9C42CA802D087C62D68 /* [CP] Copy Pods Resources */ = {
			isa = PBXShellScriptBuildPhase;
			buildActionMask = 2147483647;
			files = (
			);
			inputPaths = (
			);
			name = "[CP] Copy Pods Resources";
			outputPaths = (
			);
			runOnlyForDeploymentPostprocessing = 0;
			shellPath = /bin/sh;
			shellScript = "\"${SRCROOT}/Pods/Target Support Files/Pods-Oblique/Pods-Oblique-resources.sh\"\n";
			showEnvVarsInLog = 0;
		};
/* End PBXShellScriptBuildPhase section */

/* Begin PBXSourcesBuildPhase section */
		A5C6C9CF1E15D39800364421 /* Sources */ = {
			isa = PBXSourcesBuildPhase;
			buildActionMask = 2147483647;
			files = (
				A59D94FB1E16E98C00049C5D /* MK_FilterViewController.m in Sources */,
				A5C6C9DE1E15D39800364421 /* ViewController.m in Sources */,
				A59D94FF1E16ED7400049C5D /* MK_GPUImageCameraManager.m in Sources */,
				A5EFBECB1E1625120046E72A /* QTouchposeApplication.m in Sources */,
				A59D95101E16F8A500049C5D /* MK_PausableTimer.m in Sources */,
				A59D95091E16F68600049C5D /* MK_GPUImageCustom3Input.m in Sources */,
				A59D94FA1E16E98C00049C5D /* MK_FilterViewCell.m in Sources */,
				A5C6C9DB1E15D39800364421 /* AppDelegate.m in Sources */,
				A59D95041E16ED8F00049C5D /* MK_Shader.m in Sources */,
				A59D950C1E16F81400049C5D /* MK_CameraGridView.m in Sources */,
				A5AA38501E1819080056A532 /* MK_DismissSegue.m in Sources */,
				A59D95131E16FA5700049C5D /* Common.m in Sources */,
				A59D95051E16ED8F00049C5D /* MK_ShaderGroup.m in Sources */,
				A58D18B31E19B13A00EB8C49 /* MK_AdjustmentViewController.m in Sources */,
				A5A598601E2EEC28009E72BE /* MK_LabelWithInsets.m in Sources */,
				A59F9B061E18879B0020CC87 /* MK_DismissInfoSegue.m in Sources */,
				A560E30D1E1D7A5900F1ED4E /* MK_GPUImageStillCamera.m in Sources */,
				A5C6C9D81E15D39800364421 /* main.m in Sources */,
			);
			runOnlyForDeploymentPostprocessing = 0;
		};
/* End PBXSourcesBuildPhase section */

/* Begin PBXVariantGroup section */
		A5C6C9DF1E15D39800364421 /* Main.storyboard */ = {
			isa = PBXVariantGroup;
			children = (
				A5C6C9E01E15D39800364421 /* Base */,
			);
			name = Main.storyboard;
			sourceTree = "<group>";
		};
		A5C6C9E41E15D39800364421 /* LaunchScreen.storyboard */ = {
			isa = PBXVariantGroup;
			children = (
				A5C6C9E51E15D39800364421 /* Base */,
			);
			name = LaunchScreen.storyboard;
			sourceTree = "<group>";
		};
/* End PBXVariantGroup section */

/* Begin XCBuildConfiguration section */
		A5C6C9E81E15D39800364421 /* Debug */ = {
			isa = XCBuildConfiguration;
			buildSettings = {
				ALWAYS_SEARCH_USER_PATHS = NO;
				CLANG_ANALYZER_NONNULL = YES;
				CLANG_CXX_LANGUAGE_STANDARD = "gnu++0x";
				CLANG_CXX_LIBRARY = "libc++";
				CLANG_ENABLE_MODULES = YES;
				CLANG_ENABLE_OBJC_ARC = YES;
				CLANG_WARN_BOOL_CONVERSION = YES;
				CLANG_WARN_CONSTANT_CONVERSION = YES;
				CLANG_WARN_DIRECT_OBJC_ISA_USAGE = YES_ERROR;
				CLANG_WARN_DOCUMENTATION_COMMENTS = YES;
				CLANG_WARN_EMPTY_BODY = YES;
				CLANG_WARN_ENUM_CONVERSION = YES;
				CLANG_WARN_INFINITE_RECURSION = YES;
				CLANG_WARN_INT_CONVERSION = YES;
				CLANG_WARN_OBJC_ROOT_CLASS = YES_ERROR;
				CLANG_WARN_SUSPICIOUS_MOVE = YES;
				CLANG_WARN_UNREACHABLE_CODE = YES;
				CLANG_WARN__DUPLICATE_METHOD_MATCH = YES;
				"CODE_SIGN_IDENTITY[sdk=iphoneos*]" = "iPhone Developer";
				COPY_PHASE_STRIP = NO;
				DEBUG_INFORMATION_FORMAT = dwarf;
				ENABLE_STRICT_OBJC_MSGSEND = YES;
				ENABLE_TESTABILITY = YES;
				GCC_C_LANGUAGE_STANDARD = gnu99;
				GCC_DYNAMIC_NO_PIC = NO;
				GCC_NO_COMMON_BLOCKS = YES;
				GCC_OPTIMIZATION_LEVEL = 0;
				GCC_PREPROCESSOR_DEFINITIONS = (
					"DEBUG=1",
					"$(inherited)",
				);
				GCC_WARN_64_TO_32_BIT_CONVERSION = YES;
				GCC_WARN_ABOUT_RETURN_TYPE = YES_ERROR;
				GCC_WARN_UNDECLARED_SELECTOR = YES;
				GCC_WARN_UNINITIALIZED_AUTOS = YES_AGGRESSIVE;
				GCC_WARN_UNUSED_FUNCTION = YES;
				GCC_WARN_UNUSED_VARIABLE = YES;
				IPHONEOS_DEPLOYMENT_TARGET = 10.2;
				MTL_ENABLE_DEBUG_INFO = YES;
				ONLY_ACTIVE_ARCH = YES;
				SDKROOT = iphoneos;
			};
			name = Debug;
		};
		A5C6C9E91E15D39800364421 /* Release */ = {
			isa = XCBuildConfiguration;
			buildSettings = {
				ALWAYS_SEARCH_USER_PATHS = NO;
				CLANG_ANALYZER_NONNULL = YES;
				CLANG_CXX_LANGUAGE_STANDARD = "gnu++0x";
				CLANG_CXX_LIBRARY = "libc++";
				CLANG_ENABLE_MODULES = YES;
				CLANG_ENABLE_OBJC_ARC = YES;
				CLANG_WARN_BOOL_CONVERSION = YES;
				CLANG_WARN_CONSTANT_CONVERSION = YES;
				CLANG_WARN_DIRECT_OBJC_ISA_USAGE = YES_ERROR;
				CLANG_WARN_DOCUMENTATION_COMMENTS = YES;
				CLANG_WARN_EMPTY_BODY = YES;
				CLANG_WARN_ENUM_CONVERSION = YES;
				CLANG_WARN_INFINITE_RECURSION = YES;
				CLANG_WARN_INT_CONVERSION = YES;
				CLANG_WARN_OBJC_ROOT_CLASS = YES_ERROR;
				CLANG_WARN_SUSPICIOUS_MOVE = YES;
				CLANG_WARN_UNREACHABLE_CODE = YES;
				CLANG_WARN__DUPLICATE_METHOD_MATCH = YES;
				"CODE_SIGN_IDENTITY[sdk=iphoneos*]" = "iPhone Developer";
				COPY_PHASE_STRIP = NO;
				DEBUG_INFORMATION_FORMAT = "dwarf-with-dsym";
				ENABLE_NS_ASSERTIONS = NO;
				ENABLE_STRICT_OBJC_MSGSEND = YES;
				GCC_C_LANGUAGE_STANDARD = gnu99;
				GCC_NO_COMMON_BLOCKS = YES;
				GCC_WARN_64_TO_32_BIT_CONVERSION = YES;
				GCC_WARN_ABOUT_RETURN_TYPE = YES_ERROR;
				GCC_WARN_UNDECLARED_SELECTOR = YES;
				GCC_WARN_UNINITIALIZED_AUTOS = YES_AGGRESSIVE;
				GCC_WARN_UNUSED_FUNCTION = YES;
				GCC_WARN_UNUSED_VARIABLE = YES;
				IPHONEOS_DEPLOYMENT_TARGET = 10.2;
				MTL_ENABLE_DEBUG_INFO = NO;
				SDKROOT = iphoneos;
				VALIDATE_PRODUCT = YES;
			};
			name = Release;
		};
		A5C6C9EB1E15D39800364421 /* Debug */ = {
			isa = XCBuildConfiguration;
			baseConfigurationReference = CB53041B581E739D294BCAA6 /* Pods-Oblique.debug.xcconfig */;
			buildSettings = {
				ASSETCATALOG_COMPILER_APPICON_NAME = AppIcon;
				DEVELOPMENT_TEAM = 2LTFKU9364;
				INFOPLIST_FILE = Oblique/Info.plist;
				IPHONEOS_DEPLOYMENT_TARGET = 9.0;
				LD_RUNPATH_SEARCH_PATHS = "$(inherited) @executable_path/Frameworks";
				MTL_ENABLE_DEBUG_INFO = YES;
				PRODUCT_BUNDLE_IDENTIFIER = com.masoodkamandy.Oblique;
				PRODUCT_NAME = "$(TARGET_NAME)";
			};
			name = Debug;
		};
		A5C6C9EC1E15D39800364421 /* Release */ = {
			isa = XCBuildConfiguration;
			baseConfigurationReference = 78A635A2ED891BB3F72CE758 /* Pods-Oblique.release.xcconfig */;
			buildSettings = {
				ASSETCATALOG_COMPILER_APPICON_NAME = AppIcon;
				DEVELOPMENT_TEAM = 2LTFKU9364;
				INFOPLIST_FILE = Oblique/Info.plist;
				IPHONEOS_DEPLOYMENT_TARGET = 9.0;
				LD_RUNPATH_SEARCH_PATHS = "$(inherited) @executable_path/Frameworks";
				MTL_ENABLE_DEBUG_INFO = NO;
				PRODUCT_BUNDLE_IDENTIFIER = com.masoodkamandy.Oblique;
				PRODUCT_NAME = "$(TARGET_NAME)";
			};
			name = Release;
		};
/* End XCBuildConfiguration section */

/* Begin XCConfigurationList section */
		A5C6C9CE1E15D39800364421 /* Build configuration list for PBXProject "Oblique" */ = {
			isa = XCConfigurationList;
			buildConfigurations = (
				A5C6C9E81E15D39800364421 /* Debug */,
				A5C6C9E91E15D39800364421 /* Release */,
			);
			defaultConfigurationIsVisible = 0;
			defaultConfigurationName = Release;
		};
		A5C6C9EA1E15D39800364421 /* Build configuration list for PBXNativeTarget "Oblique" */ = {
			isa = XCConfigurationList;
			buildConfigurations = (
				A5C6C9EB1E15D39800364421 /* Debug */,
				A5C6C9EC1E15D39800364421 /* Release */,
			);
			defaultConfigurationIsVisible = 0;
			defaultConfigurationName = Release;
		};
/* End XCConfigurationList section */
	};
	rootObject = A5C6C9CB1E15D39800364421 /* Project object */;
}
